
Microsoft Visual Studio Solution File, Format Version 12.00
Project("{FAE04EC0-301F-11D3-BF4B-00C04F79EFBC}") = "Collections", "Collections\Collections.csproj", "{C64C130E-27B9-495A-B3FA-D0F10FC35966}"
EndProject
Project("{FAE04EC0-301F-11D3-BF4B-00C04F79EFBC}") = "HomeWork_Collections", "HomeWork_Collections\HomeWork_Collections.csproj", "{B93D2D87-CDBA-428E-8CD3-3F8997080E98}"
EndProject
Global
	GlobalSection(SolutionConfigurationPlatforms) = preSolution
		Debug|Any CPU = Debug|Any CPU
		Release|Any CPU = Release|Any CPU
	EndGlobalSection
	GlobalSection(ProjectConfigurationPlatforms) = postSolution
		{C64C130E-27B9-495A-B3FA-D0F10FC35966}.Debug|Any CPU.ActiveCfg = Debug|Any CPU
		{C64C130E-27B9-495A-B3FA-D0F10FC35966}.Debug|Any CPU.Build.0 = Debug|Any CPU
		{C64C130E-27B9-495A-B3FA-D0F10FC35966}.Release|Any CPU.ActiveCfg = Release|Any CPU
		{C64C130E-27B9-495A-B3FA-D0F10FC35966}.Release|Any CPU.Build.0 = Release|Any CPU
		{B93D2D87-CDBA-428E-8CD3-3F8997080E98}.Debug|Any CPU.ActiveCfg = Debug|Any CPU
		{B93D2D87-CDBA-428E-8CD3-3F8997080E98}.Debug|Any CPU.Build.0 = Debug|Any CPU
		{B93D2D87-CDBA-428E-8CD3-3F8997080E98}.Release|Any CPU.ActiveCfg = Release|Any CPU
		{B93D2D87-CDBA-428E-8CD3-3F8997080E98}.Release|Any CPU.Build.0 = Release|Any CPU
	EndGlobalSection
EndGlobal
